
Microsoft Visual Studio Solution File, Format Version 12.00
# Visual Studio 14
VisualStudioVersion = 14.0.25420.1
MinimumVisualStudioVersion = 10.0.40219.1
Project("{2150E333-8FDC-42A3-9474-1A3956D46DE8}") = "1 - Presentation", "1 - Presentation", "{48F88B18-EDA7-4F17-96A6-85F2E11E59A4}"
EndProject
Project("{2150E333-8FDC-42A3-9474-1A3956D46DE8}") = "3 - Domain", "3 - Domain", "{99DAFDC6-FF72-4D15-B3DE-AD9E74F88156}"
EndProject
Project("{2150E333-8FDC-42A3-9474-1A3956D46DE8}") = "4 - Data", "4 - Data", "{6935D59C-C060-4013-B89E-3A343BC1C959}"
EndProject
Project("{2150E333-8FDC-42A3-9474-1A3956D46DE8}") = "2 - Application", "2 - Application", "{D77C3585-E950-4DC1-8A8A-1039433FC605}"
EndProject
Project("{FAE04EC0-301F-11D3-BF4B-00C04F79EFBC}") = "BookShare.MVC", "BookShare.MVC\BookShare.MVC.csproj", "{0EF9F85B-E141-43DC-B2EE-4326A7524F71}"
EndProject
Global
	GlobalSection(SolutionConfigurationPlatforms) = preSolution
		Debug|Any CPU = Debug|Any CPU
		Release|Any CPU = Release|Any CPU
	EndGlobalSection
	GlobalSection(ProjectConfigurationPlatforms) = postSolution
		{0EF9F85B-E141-43DC-B2EE-4326A7524F71}.Debug|Any CPU.ActiveCfg = Debug|Any CPU
		{0EF9F85B-E141-43DC-B2EE-4326A7524F71}.Debug|Any CPU.Build.0 = Debug|Any CPU
		{0EF9F85B-E141-43DC-B2EE-4326A7524F71}.Release|Any CPU.ActiveCfg = Release|Any CPU
		{0EF9F85B-E141-43DC-B2EE-4326A7524F71}.Release|Any CPU.Build.0 = Release|Any CPU
	EndGlobalSection
	GlobalSection(SolutionProperties) = preSolution
		HideSolutionNode = FALSE
	EndGlobalSection
	GlobalSection(NestedProjects) = preSolution
		{0EF9F85B-E141-43DC-B2EE-4326A7524F71} = {48F88B18-EDA7-4F17-96A6-85F2E11E59A4}
	EndGlobalSection
EndGlobal
